
Microsoft Visual Studio Solution File, Format Version 12.00
# Visual Studio 14
VisualStudioVersion = 14.0.25420.1
MinimumVisualStudioVersion = 10.0.40219.1
Project("{2150E333-8FDC-42A3-9474-1A3956D46DE8}") = "configs", "configs", "{8CBDA944-7C33-4D01-AE78-A7E8E7EE07A0}"
EndProject
Project("{2150E333-8FDC-42A3-9474-1A3956D46DE8}") = "modules", "modules", "{CE5F530D-0E37-4092-8659-7A63864FFAFB}"
EndProject
Project("{F2A71F9B-5D33-465A-A702-920D77279786}") = "SPA", "SPA\SPA.fsproj", "{B606587A-78F2-4407-BC33-C1986022DD90}"
EndProject
Project("{F2A71F9B-5D33-465A-A702-920D77279786}") = "CustomerA", "configs\CustomerA\CustomerA.fsproj", "{F78EA126-0AF9-4B78-B7FD-2ABD2ADC6537}"
EndProject
Project("{F2A71F9B-5D33-465A-A702-920D77279786}") = "CustomerB", "configs\CustomerB\CustomerB.fsproj", "{C25D9DF1-CB28-4691-BF28-E987CD7F0CFF}"
EndProject
Project("{F2A71F9B-5D33-465A-A702-920D77279786}") = "ModuleA", "modules\ModuleA\ModuleA.fsproj", "{8E818AA1-6600-47D6-AFB9-73E208CED8AD}"
EndProject
Project("{F2A71F9B-5D33-465A-A702-920D77279786}") = "ModuleB", "modules\ModuleB\ModuleB.fsproj", "{0B367492-1BB2-4C46-9734-5592A589B54C}"
EndProject
Project("{F2A71F9B-5D33-465A-A702-920D77279786}") = "ModuleC", "modules\ModuleC\ModuleC.fsproj", "{6A66F885-743D-4320-9767-C037A948ADCB}"
EndProject
Project("{2150E333-8FDC-42A3-9474-1A3956D46DE8}") = "scripts", "scripts", "{96F61631-652C-4190-9DAA-01D71EC454CC}"
	ProjectSection(SolutionItems) = preProject
		build.cmd = build.cmd
		build.fsx = build.fsx
	EndProjectSection
EndProject
Global
	GlobalSection(SolutionConfigurationPlatforms) = preSolution
		Debug|Any CPU = Debug|Any CPU
		Release|Any CPU = Release|Any CPU
	EndGlobalSection
	GlobalSection(ProjectConfigurationPlatforms) = postSolution
		{B606587A-78F2-4407-BC33-C1986022DD90}.Debug|Any CPU.ActiveCfg = Debug|Any CPU
		{B606587A-78F2-4407-BC33-C1986022DD90}.Debug|Any CPU.Build.0 = Debug|Any CPU
		{B606587A-78F2-4407-BC33-C1986022DD90}.Release|Any CPU.ActiveCfg = Release|Any CPU
		{B606587A-78F2-4407-BC33-C1986022DD90}.Release|Any CPU.Build.0 = Release|Any CPU
		{F78EA126-0AF9-4B78-B7FD-2ABD2ADC6537}.Debug|Any CPU.ActiveCfg = Debug|Any CPU
		{F78EA126-0AF9-4B78-B7FD-2ABD2ADC6537}.Debug|Any CPU.Build.0 = Debug|Any CPU
		{F78EA126-0AF9-4B78-B7FD-2ABD2ADC6537}.Release|Any CPU.ActiveCfg = Release|Any CPU
		{F78EA126-0AF9-4B78-B7FD-2ABD2ADC6537}.Release|Any CPU.Build.0 = Release|Any CPU
		{C25D9DF1-CB28-4691-BF28-E987CD7F0CFF}.Debug|Any CPU.ActiveCfg = Debug|Any CPU
		{C25D9DF1-CB28-4691-BF28-E987CD7F0CFF}.Debug|Any CPU.Build.0 = Debug|Any CPU
		{C25D9DF1-CB28-4691-BF28-E987CD7F0CFF}.Release|Any CPU.ActiveCfg = Release|Any CPU
		{C25D9DF1-CB28-4691-BF28-E987CD7F0CFF}.Release|Any CPU.Build.0 = Release|Any CPU
		{8E818AA1-6600-47D6-AFB9-73E208CED8AD}.Debug|Any CPU.ActiveCfg = Debug|Any CPU
		{8E818AA1-6600-47D6-AFB9-73E208CED8AD}.Debug|Any CPU.Build.0 = Debug|Any CPU
		{8E818AA1-6600-47D6-AFB9-73E208CED8AD}.Release|Any CPU.ActiveCfg = Release|Any CPU
		{8E818AA1-6600-47D6-AFB9-73E208CED8AD}.Release|Any CPU.Build.0 = Release|Any CPU
		{0B367492-1BB2-4C46-9734-5592A589B54C}.Debug|Any CPU.ActiveCfg = Debug|Any CPU
		{0B367492-1BB2-4C46-9734-5592A589B54C}.Debug|Any CPU.Build.0 = Debug|Any CPU
		{0B367492-1BB2-4C46-9734-5592A589B54C}.Release|Any CPU.ActiveCfg = Release|Any CPU
		{0B367492-1BB2-4C46-9734-5592A589B54C}.Release|Any CPU.Build.0 = Release|Any CPU
		{6A66F885-743D-4320-9767-C037A948ADCB}.Debug|Any CPU.ActiveCfg = Debug|Any CPU
		{6A66F885-743D-4320-9767-C037A948ADCB}.Debug|Any CPU.Build.0 = Debug|Any CPU
		{6A66F885-743D-4320-9767-C037A948ADCB}.Release|Any CPU.ActiveCfg = Release|Any CPU
		{6A66F885-743D-4320-9767-C037A948ADCB}.Release|Any CPU.Build.0 = Release|Any CPU
	EndGlobalSection
	GlobalSection(SolutionProperties) = preSolution
		HideSolutionNode = FALSE
	EndGlobalSection
	GlobalSection(NestedProjects) = preSolution
		{F78EA126-0AF9-4B78-B7FD-2ABD2ADC6537} = {8CBDA944-7C33-4D01-AE78-A7E8E7EE07A0}
		{C25D9DF1-CB28-4691-BF28-E987CD7F0CFF} = {8CBDA944-7C33-4D01-AE78-A7E8E7EE07A0}
		{8E818AA1-6600-47D6-AFB9-73E208CED8AD} = {CE5F530D-0E37-4092-8659-7A63864FFAFB}
		{0B367492-1BB2-4C46-9734-5592A589B54C} = {CE5F530D-0E37-4092-8659-7A63864FFAFB}
		{6A66F885-743D-4320-9767-C037A948ADCB} = {CE5F530D-0E37-4092-8659-7A63864FFAFB}
	EndGlobalSection
EndGlobal
