
Microsoft Visual Studio Solution File, Format Version 12.00
# Visual Studio 14
VisualStudioVersion = 14.0.25420.1
MinimumVisualStudioVersion = 10.0.40219.1
Project("{2150E333-8FDC-42A3-9474-1A3956D46DE8}") = "configs", "configs", "{8CBDA944-7C33-4D01-AE78-A7E8E7EE07A0}"
EndProject
Project("{2150E333-8FDC-42A3-9474-1A3956D46DE8}") = "modules", "modules", "{CE5F530D-0E37-4092-8659-7A63864FFAFB}"
EndProject
Project("{F2A71F9B-5D33-465A-A702-920D77279786}") = "CustomerA", "CustomerA\CustomerA.fsproj", "{754D6C92-608F-4412-8180-4189F7F8FBA2}"
EndProject
Project("{F2A71F9B-5D33-465A-A702-920D77279786}") = "CustomerB", "CustomerB\CustomerB.fsproj", "{8BA782C7-0F63-4611-BF3A-95FA18906A4F}"
EndProject
Project("{F2A71F9B-5D33-465A-A702-920D77279786}") = "ModuleA", "ModuleA\ModuleA.fsproj", "{72646FDB-FED6-47D3-8E55-954FFE10122C}"
EndProject
Project("{F2A71F9B-5D33-465A-A702-920D77279786}") = "ModuleB", "ModuleB\ModuleB.fsproj", "{10AB744F-08F6-44AB-8D92-99CCF78B90A7}"
EndProject
Project("{F2A71F9B-5D33-465A-A702-920D77279786}") = "SPA", "SPA\SPA.fsproj", "{B606587A-78F2-4407-BC33-C1986022DD90}"
EndProject
Project("{F2A71F9B-5D33-465A-A702-920D77279786}") = "ModuleC", "ModuleC\ModuleC.fsproj", "{0B3C4236-70AC-4C7B-AA3D-9F1D4BA95319}"
EndProject
Global
	GlobalSection(SolutionConfigurationPlatforms) = preSolution
		Debug|Any CPU = Debug|Any CPU
		Release|Any CPU = Release|Any CPU
	EndGlobalSection
	GlobalSection(ProjectConfigurationPlatforms) = postSolution
		{754D6C92-608F-4412-8180-4189F7F8FBA2}.Debug|Any CPU.ActiveCfg = Debug|Any CPU
		{754D6C92-608F-4412-8180-4189F7F8FBA2}.Debug|Any CPU.Build.0 = Debug|Any CPU
		{754D6C92-608F-4412-8180-4189F7F8FBA2}.Release|Any CPU.ActiveCfg = Release|Any CPU
		{754D6C92-608F-4412-8180-4189F7F8FBA2}.Release|Any CPU.Build.0 = Release|Any CPU
		{8BA782C7-0F63-4611-BF3A-95FA18906A4F}.Debug|Any CPU.ActiveCfg = Debug|Any CPU
		{8BA782C7-0F63-4611-BF3A-95FA18906A4F}.Debug|Any CPU.Build.0 = Debug|Any CPU
		{8BA782C7-0F63-4611-BF3A-95FA18906A4F}.Release|Any CPU.ActiveCfg = Release|Any CPU
		{8BA782C7-0F63-4611-BF3A-95FA18906A4F}.Release|Any CPU.Build.0 = Release|Any CPU
		{72646FDB-FED6-47D3-8E55-954FFE10122C}.Debug|Any CPU.ActiveCfg = Debug|Any CPU
		{72646FDB-FED6-47D3-8E55-954FFE10122C}.Debug|Any CPU.Build.0 = Debug|Any CPU
		{72646FDB-FED6-47D3-8E55-954FFE10122C}.Release|Any CPU.ActiveCfg = Release|Any CPU
		{72646FDB-FED6-47D3-8E55-954FFE10122C}.Release|Any CPU.Build.0 = Release|Any CPU
		{10AB744F-08F6-44AB-8D92-99CCF78B90A7}.Debug|Any CPU.ActiveCfg = Debug|Any CPU
		{10AB744F-08F6-44AB-8D92-99CCF78B90A7}.Debug|Any CPU.Build.0 = Debug|Any CPU
		{10AB744F-08F6-44AB-8D92-99CCF78B90A7}.Release|Any CPU.ActiveCfg = Release|Any CPU
		{10AB744F-08F6-44AB-8D92-99CCF78B90A7}.Release|Any CPU.Build.0 = Release|Any CPU
		{B606587A-78F2-4407-BC33-C1986022DD90}.Debug|Any CPU.ActiveCfg = Debug|Any CPU
		{B606587A-78F2-4407-BC33-C1986022DD90}.Debug|Any CPU.Build.0 = Debug|Any CPU
		{B606587A-78F2-4407-BC33-C1986022DD90}.Release|Any CPU.ActiveCfg = Release|Any CPU
		{B606587A-78F2-4407-BC33-C1986022DD90}.Release|Any CPU.Build.0 = Release|Any CPU
		{0B3C4236-70AC-4C7B-AA3D-9F1D4BA95319}.Debug|Any CPU.ActiveCfg = Debug|Any CPU
		{0B3C4236-70AC-4C7B-AA3D-9F1D4BA95319}.Debug|Any CPU.Build.0 = Debug|Any CPU
		{0B3C4236-70AC-4C7B-AA3D-9F1D4BA95319}.Release|Any CPU.ActiveCfg = Release|Any CPU
		{0B3C4236-70AC-4C7B-AA3D-9F1D4BA95319}.Release|Any CPU.Build.0 = Release|Any CPU
	EndGlobalSection
	GlobalSection(SolutionProperties) = preSolution
		HideSolutionNode = FALSE
	EndGlobalSection
	GlobalSection(NestedProjects) = preSolution
		{754D6C92-608F-4412-8180-4189F7F8FBA2} = {8CBDA944-7C33-4D01-AE78-A7E8E7EE07A0}
		{8BA782C7-0F63-4611-BF3A-95FA18906A4F} = {8CBDA944-7C33-4D01-AE78-A7E8E7EE07A0}
		{72646FDB-FED6-47D3-8E55-954FFE10122C} = {CE5F530D-0E37-4092-8659-7A63864FFAFB}
		{10AB744F-08F6-44AB-8D92-99CCF78B90A7} = {CE5F530D-0E37-4092-8659-7A63864FFAFB}
		{0B3C4236-70AC-4C7B-AA3D-9F1D4BA95319} = {CE5F530D-0E37-4092-8659-7A63864FFAFB}
	EndGlobalSection
EndGlobal
